
Microsoft Visual Studio Solution File, Format Version 12.00
# Visual Studio 15
VisualStudioVersion = 15.0.28010.2048
MinimumVisualStudioVersion = 10.0.40219.1
Project("{FAE04EC0-301F-11D3-BF4B-00C04F79EFBC}") = "SyBAP.Applications", "SyBAP.Applications\SyBAP.Applications.csproj", "{3D9BB6EE-D0D7-416C-99A3-E4E51EC9E293}"
EndProject
Project("{FAE04EC0-301F-11D3-BF4B-00C04F79EFBC}") = "SyBAP.Domain", "SyBAP.Domain\SyBAP.Domain.csproj", "{506C8B5A-4E41-4B39-A244-83759B47E956}"
EndProject
Project("{FAE04EC0-301F-11D3-BF4B-00C04F79EFBC}") = "SyBAP.Presentation", "SyBAP.Presentation\SyBAP.Presentation.csproj", "{53F70258-A372-4190-BA8C-B60626E8D25E}"
EndProject
Global
	GlobalSection(SolutionConfigurationPlatforms) = preSolution
		Debug|Any CPU = Debug|Any CPU
		Release|Any CPU = Release|Any CPU
	EndGlobalSection
	GlobalSection(ProjectConfigurationPlatforms) = postSolution
		{3D9BB6EE-D0D7-416C-99A3-E4E51EC9E293}.Debug|Any CPU.ActiveCfg = Debug|Any CPU
		{3D9BB6EE-D0D7-416C-99A3-E4E51EC9E293}.Debug|Any CPU.Build.0 = Debug|Any CPU
		{3D9BB6EE-D0D7-416C-99A3-E4E51EC9E293}.Release|Any CPU.ActiveCfg = Release|Any CPU
		{3D9BB6EE-D0D7-416C-99A3-E4E51EC9E293}.Release|Any CPU.Build.0 = Release|Any CPU
		{506C8B5A-4E41-4B39-A244-83759B47E956}.Debug|Any CPU.ActiveCfg = Debug|Any CPU
		{506C8B5A-4E41-4B39-A244-83759B47E956}.Debug|Any CPU.Build.0 = Debug|Any CPU
		{506C8B5A-4E41-4B39-A244-83759B47E956}.Release|Any CPU.ActiveCfg = Release|Any CPU
		{506C8B5A-4E41-4B39-A244-83759B47E956}.Release|Any CPU.Build.0 = Release|Any CPU
		{53F70258-A372-4190-BA8C-B60626E8D25E}.Debug|Any CPU.ActiveCfg = Debug|Any CPU
		{53F70258-A372-4190-BA8C-B60626E8D25E}.Debug|Any CPU.Build.0 = Debug|Any CPU
		{53F70258-A372-4190-BA8C-B60626E8D25E}.Release|Any CPU.ActiveCfg = Release|Any CPU
		{53F70258-A372-4190-BA8C-B60626E8D25E}.Release|Any CPU.Build.0 = Release|Any CPU
	EndGlobalSection
	GlobalSection(SolutionProperties) = preSolution
		HideSolutionNode = FALSE
	EndGlobalSection
	GlobalSection(ExtensibilityGlobals) = postSolution
		SolutionGuid = {AE37396C-6B09-40F5-AE39-F1E9E845660E}
	EndGlobalSection
EndGlobal
